// !$*UTF8*$!
{
	archiveVersion = 1;
	classes = {
	};
	objectVersion = 77;
	objects = {

/* Begin PBXContainerItemProxy section */
		EA55F3452CB2D90900C6B665 /* PBXContainerItemProxy */ = {
			isa = PBXContainerItemProxy;
			containerPortal = EA55F32C2CB2D90600C6B665 /* Project object */;
			proxyType = 1;
			remoteGlobalIDString = EA55F3332CB2D90600C6B665;
			remoteInfo = MVVMFetchLearn;
		};
		EA55F34F2CB2D90900C6B665 /* PBXContainerItemProxy */ = {
			isa = PBXContainerItemProxy;
			containerPortal = EA55F32C2CB2D90600C6B665 /* Project object */;
			proxyType = 1;
			remoteGlobalIDString = EA55F3332CB2D90600C6B665;
			remoteInfo = MVVMFetchLearn;
		};
/* End PBXContainerItemProxy section */

/* Begin PBXFileReference section */
		EA55F3342CB2D90600C6B665 /* MVVMFetchLearn.app */ = {isa = PBXFileReference; explicitFileType = wrapper.application; includeInIndex = 0; path = MVVMFetchLearn.app; sourceTree = BUILT_PRODUCTS_DIR; };
		EA55F3442CB2D90900C6B665 /* MVVMFetchLearnTests.xctest */ = {isa = PBXFileReference; explicitFileType = wrapper.cfbundle; includeInIndex = 0; path = MVVMFetchLearnTests.xctest; sourceTree = BUILT_PRODUCTS_DIR; };
		EA55F34E2CB2D90900C6B665 /* MVVMFetchLearnUITests.xctest */ = {isa = PBXFileReference; explicitFileType = wrapper.cfbundle; includeInIndex = 0; path = MVVMFetchLearnUITests.xctest; sourceTree = BUILT_PRODUCTS_DIR; };
/* End PBXFileReference section */

/* Begin PBXFileSystemSynchronizedRootGroup section */
		EA55F3362CB2D90600C6B665 /* MVVMFetchLearn */ = {
			isa = PBXFileSystemSynchronizedRootGroup;
			path = MVVMFetchLearn;
			sourceTree = "<group>";
		};
		EA55F3472CB2D90900C6B665 /* MVVMFetchLearnTests */ = {
			isa = PBXFileSystemSynchronizedRootGroup;
			path = MVVMFetchLearnTests;
			sourceTree = "<group>";
		};
		EA55F3512CB2D90900C6B665 /* MVVMFetchLearnUITests */ = {
			isa = PBXFileSystemSynchronizedRootGroup;
			path = MVVMFetchLearnUITests;
			sourceTree = "<group>";
		};
/* End PBXFileSystemSynchronizedRootGroup section */

/* Begin PBXFrameworksBuildPhase section */
		EA55F3312CB2D90600C6B665 /* Frameworks */ = {
			isa = PBXFrameworksBuildPhase;
			buildActionMask = 2147483647;
			files = (
			);
			runOnlyForDeploymentPostprocessing = 0;
		};
		EA55F3412CB2D90900C6B665 /* Frameworks */ = {
			isa = PBXFrameworksBuildPhase;
			buildActionMask = 2147483647;
			files = (
			);
			runOnlyForDeploymentPostprocessing = 0;
		};
		EA55F34B2CB2D90900C6B665 /* Frameworks */ = {
			isa = PBXFrameworksBuildPhase;
			buildActionMask = 2147483647;
			files = (
			);
			runOnlyForDeploymentPostprocessing = 0;
		};
/* End PBXFrameworksBuildPhase section */

/* Begin PBXGroup section */
		EA55F32B2CB2D90600C6B665 = {
			isa = PBXGroup;
			children = (
				EA55F3362CB2D90600C6B665 /* MVVMFetchLearn */,
				EA55F3472CB2D90900C6B665 /* MVVMFetchLearnTests */,
				EA55F3512CB2D90900C6B665 /* MVVMFetchLearnUITests */,
				EA55F3352CB2D90600C6B665 /* Products */,
			);
			sourceTree = "<group>";
		};
		EA55F3352CB2D90600C6B665 /* Products */ = {
			isa = PBXGroup;
			children = (
				EA55F3342CB2D90600C6B665 /* MVVMFetchLearn.app */,
				EA55F3442CB2D90900C6B665 /* MVVMFetchLearnTests.xctest */,
				EA55F34E2CB2D90900C6B665 /* MVVMFetchLearnUITests.xctest */,
			);
			name = Products;
			sourceTree = "<group>";
		};
/* End PBXGroup section */

/* Begin PBXNativeTarget section */
		EA55F3332CB2D90600C6B665 /* MVVMFetchLearn */ = {
			isa = PBXNativeTarget;
			buildConfigurationList = EA55F3582CB2D90900C6B665 /* Build configuration list for PBXNativeTarget "MVVMFetchLearn" */;
			buildPhases = (
				EA55F3302CB2D90600C6B665 /* Sources */,
				EA55F3312CB2D90600C6B665 /* Frameworks */,
				EA55F3322CB2D90600C6B665 /* Resources */,
			);
			buildRules = (
			);
			dependencies = (
			);
			fileSystemSynchronizedGroups = (
				EA55F3362CB2D90600C6B665 /* MVVMFetchLearn */,
			);
			name = MVVMFetchLearn;
			packageProductDependencies = (
			);
			productName = MVVMFetchLearn;
			productReference = EA55F3342CB2D90600C6B665 /* MVVMFetchLearn.app */;
			productType = "com.apple.product-type.application";
		};
		EA55F3432CB2D90900C6B665 /* MVVMFetchLearnTests */ = {
			isa = PBXNativeTarget;
			buildConfigurationList = EA55F35B2CB2D90900C6B665 /* Build configuration list for PBXNativeTarget "MVVMFetchLearnTests" */;
			buildPhases = (
				EA55F3402CB2D90900C6B665 /* Sources */,
				EA55F3412CB2D90900C6B665 /* Frameworks */,
				EA55F3422CB2D90900C6B665 /* Resources */,
			);
			buildRules = (
			);
			dependencies = (
				EA55F3462CB2D90900C6B665 /* PBXTargetDependency */,
			);
			fileSystemSynchronizedGroups = (
				EA55F3472CB2D90900C6B665 /* MVVMFetchLearnTests */,
			);
			name = MVVMFetchLearnTests;
			packageProductDependencies = (
			);
			productName = MVVMFetchLearnTests;
			productReference = EA55F3442CB2D90900C6B665 /* MVVMFetchLearnTests.xctest */;
			productType = "com.apple.product-type.bundle.unit-test";
		};
		EA55F34D2CB2D90900C6B665 /* MVVMFetchLearnUITests */ = {
			isa = PBXNativeTarget;
			buildConfigurationList = EA55F35E2CB2D90900C6B665 /* Build configuration list for PBXNativeTarget "MVVMFetchLearnUITests" */;
			buildPhases = (
				EA55F34A2CB2D90900C6B665 /* Sources */,
				EA55F34B2CB2D90900C6B665 /* Frameworks */,
				EA55F34C2CB2D90900C6B665 /* Resources */,
			);
			buildRules = (
			);
			dependencies = (
				EA55F3502CB2D90900C6B665 /* PBXTargetDependency */,
			);
			fileSystemSynchronizedGroups = (
				EA55F3512CB2D90900C6B665 /* MVVMFetchLearnUITests */,
			);
			name = MVVMFetchLearnUITests;
			packageProductDependencies = (
			);
			productName = MVVMFetchLearnUITests;
			productReference = EA55F34E2CB2D90900C6B665 /* MVVMFetchLearnUITests.xctest */;
			productType = "com.apple.product-type.bundle.ui-testing";
		};
/* End PBXNativeTarget section */

/* Begin PBXProject section */
		EA55F32C2CB2D90600C6B665 /* Project object */ = {
			isa = PBXProject;
			attributes = {
				BuildIndependentTargetsInParallel = 1;
				LastSwiftUpdateCheck = 1600;
				LastUpgradeCheck = 1600;
				TargetAttributes = {
					EA55F3332CB2D90600C6B665 = {
						CreatedOnToolsVersion = 16.0;
					};
					EA55F3432CB2D90900C6B665 = {
						CreatedOnToolsVersion = 16.0;
						TestTargetID = EA55F3332CB2D90600C6B665;
					};
					EA55F34D2CB2D90900C6B665 = {
						CreatedOnToolsVersion = 16.0;
						TestTargetID = EA55F3332CB2D90600C6B665;
					};
				};
			};
			buildConfigurationList = EA55F32F2CB2D90600C6B665 /* Build configuration list for PBXProject "MVVMFetchLearn" */;
			developmentRegion = en;
			hasScannedForEncodings = 0;
			knownRegions = (
				en,
				Base,
			);
			mainGroup = EA55F32B2CB2D90600C6B665;
			minimizedProjectReferenceProxies = 1;
			preferredProjectObjectVersion = 77;
			productRefGroup = EA55F3352CB2D90600C6B665 /* Products */;
			projectDirPath = "";
			projectRoot = "";
			targets = (
				EA55F3332CB2D90600C6B665 /* MVVMFetchLearn */,
				EA55F3432CB2D90900C6B665 /* MVVMFetchLearnTests */,
				EA55F34D2CB2D90900C6B665 /* MVVMFetchLearnUITests */,
			);
		};
/* End PBXProject section */

/* Begin PBXResourcesBuildPhase section */
		EA55F3322CB2D90600C6B665 /* Resources */ = {
			isa = PBXResourcesBuildPhase;
			buildActionMask = 2147483647;
			files = (
			);
			runOnlyForDeploymentPostprocessing = 0;
		};
		EA55F3422CB2D90900C6B665 /* Resources */ = {
			isa = PBXResourcesBuildPhase;
			buildActionMask = 2147483647;
			files = (
			);
			runOnlyForDeploymentPostprocessing = 0;
		};
		EA55F34C2CB2D90900C6B665 /* Resources */ = {
			isa = PBXResourcesBuildPhase;
			buildActionMask = 2147483647;
			files = (
			);
			runOnlyForDeploymentPostprocessing = 0;
		};
/* End PBXResourcesBuildPhase section */

/* Begin PBXSourcesBuildPhase section */
		EA55F3302CB2D90600C6B665 /* Sources */ = {
			isa = PBXSourcesBuildPhase;
			buildActionMask = 2147483647;
			files = (
			);
			runOnlyForDeploymentPostprocessing = 0;
		};
		EA55F3402CB2D90900C6B665 /* Sources */ = {
			isa = PBXSourcesBuildPhase;
			buildActionMask = 2147483647;
			files = (
			);
			runOnlyForDeploymentPostprocessing = 0;
		};
		EA55F34A2CB2D90900C6B665 /* Sources */ = {
			isa = PBXSourcesBuildPhase;
			buildActionMask = 2147483647;
			files = (
			);
			runOnlyForDeploymentPostprocessing = 0;
		};
/* End PBXSourcesBuildPhase section */

/* Begin PBXTargetDependency section */
		EA55F3462CB2D90900C6B665 /* PBXTargetDependency */ = {
			isa = PBXTargetDependency;
			target = EA55F3332CB2D90600C6B665 /* MVVMFetchLearn */;
			targetProxy = EA55F3452CB2D90900C6B665 /* PBXContainerItemProxy */;
		};
		EA55F3502CB2D90900C6B665 /* PBXTargetDependency */ = {
			isa = PBXTargetDependency;
			target = EA55F3332CB2D90600C6B665 /* MVVMFetchLearn */;
			targetProxy = EA55F34F2CB2D90900C6B665 /* PBXContainerItemProxy */;
		};
/* End PBXTargetDependency section */

/* Begin XCBuildConfiguration section */
		EA55F3562CB2D90900C6B665 /* Debug */ = {
			isa = XCBuildConfiguration;
			buildSettings = {
				ALWAYS_SEARCH_USER_PATHS = NO;
				ASSETCATALOG_COMPILER_GENERATE_SWIFT_ASSET_SYMBOL_EXTENSIONS = YES;
				CLANG_ANALYZER_NONNULL = YES;
				CLANG_ANALYZER_NUMBER_OBJECT_CONVERSION = YES_AGGRESSIVE;
				CLANG_CXX_LANGUAGE_STANDARD = "gnu++20";
				CLANG_ENABLE_MODULES = YES;
				CLANG_ENABLE_OBJC_ARC = YES;
				CLANG_ENABLE_OBJC_WEAK = YES;
				CLANG_WARN_BLOCK_CAPTURE_AUTORELEASING = YES;
				CLANG_WARN_BOOL_CONVERSION = YES;
				CLANG_WARN_COMMA = YES;
				CLANG_WARN_CONSTANT_CONVERSION = YES;
				CLANG_WARN_DEPRECATED_OBJC_IMPLEMENTATIONS = YES;
				CLANG_WARN_DIRECT_OBJC_ISA_USAGE = YES_ERROR;
				CLANG_WARN_DOCUMENTATION_COMMENTS = YES;
				CLANG_WARN_EMPTY_BODY = YES;
				CLANG_WARN_ENUM_CONVERSION = YES;
				CLANG_WARN_INFINITE_RECURSION = YES;
				CLANG_WARN_INT_CONVERSION = YES;
				CLANG_WARN_NON_LITERAL_NULL_CONVERSION = YES;
				CLANG_WARN_OBJC_IMPLICIT_RETAIN_SELF = YES;
				CLANG_WARN_OBJC_LITERAL_CONVERSION = YES;
				CLANG_WARN_OBJC_ROOT_CLASS = YES_ERROR;
				CLANG_WARN_QUOTED_INCLUDE_IN_FRAMEWORK_HEADER = YES;
				CLANG_WARN_RANGE_LOOP_ANALYSIS = YES;
				CLANG_WARN_STRICT_PROTOTYPES = YES;
				CLANG_WARN_SUSPICIOUS_MOVE = YES;
				CLANG_WARN_UNGUARDED_AVAILABILITY = YES_AGGRESSIVE;
				CLANG_WARN_UNREACHABLE_CODE = YES;
				CLANG_WARN__DUPLICATE_METHOD_MATCH = YES;
				COPY_PHASE_STRIP = NO;
				DEBUG_INFORMATION_FORMAT = dwarf;
				ENABLE_STRICT_OBJC_MSGSEND = YES;
				ENABLE_TESTABILITY = YES;
				ENABLE_USER_SCRIPT_SANDBOXING = YES;
				GCC_C_LANGUAGE_STANDARD = gnu17;
				GCC_DYNAMIC_NO_PIC = NO;
				GCC_NO_COMMON_BLOCKS = YES;
				GCC_OPTIMIZATION_LEVEL = 0;
				GCC_PREPROCESSOR_DEFINITIONS = (
					"DEBUG=1",
					"$(inherited)",
				);
				GCC_WARN_64_TO_32_BIT_CONVERSION = YES;
				GCC_WARN_ABOUT_RETURN_TYPE = YES_ERROR;
				GCC_WARN_UNDECLARED_SELECTOR = YES;
				GCC_WARN_UNINITIALIZED_AUTOS = YES_AGGRESSIVE;
				GCC_WARN_UNUSED_FUNCTION = YES;
				GCC_WARN_UNUSED_VARIABLE = YES;
				IPHONEOS_DEPLOYMENT_TARGET = 18.0;
				LOCALIZATION_PREFERS_STRING_CATALOGS = YES;
				MTL_ENABLE_DEBUG_INFO = INCLUDE_SOURCE;
				MTL_FAST_MATH = YES;
				ONLY_ACTIVE_ARCH = YES;
				SDKROOT = iphoneos;
				SWIFT_ACTIVE_COMPILATION_CONDITIONS = "DEBUG $(inherited)";
				SWIFT_OPTIMIZATION_LEVEL = "-Onone";
			};
			name = Debug;
		};
		EA55F3572CB2D90900C6B665 /* Release */ = {
			isa = XCBuildConfiguration;
			buildSettings = {
				ALWAYS_SEARCH_USER_PATHS = NO;
				ASSETCATALOG_COMPILER_GENERATE_SWIFT_ASSET_SYMBOL_EXTENSIONS = YES;
				CLANG_ANALYZER_NONNULL = YES;
				CLANG_ANALYZER_NUMBER_OBJECT_CONVERSION = YES_AGGRESSIVE;
				CLANG_CXX_LANGUAGE_STANDARD = "gnu++20";
				CLANG_ENABLE_MODULES = YES;
				CLANG_ENABLE_OBJC_ARC = YES;
				CLANG_ENABLE_OBJC_WEAK = YES;
				CLANG_WARN_BLOCK_CAPTURE_AUTORELEASING = YES;
				CLANG_WARN_BOOL_CONVERSION = YES;
				CLANG_WARN_COMMA = YES;
				CLANG_WARN_CONSTANT_CONVERSION = YES;
				CLANG_WARN_DEPRECATED_OBJC_IMPLEMENTATIONS = YES;
				CLANG_WARN_DIRECT_OBJC_ISA_USAGE = YES_ERROR;
				CLANG_WARN_DOCUMENTATION_COMMENTS = YES;
				CLANG_WARN_EMPTY_BODY = YES;
				CLANG_WARN_ENUM_CONVERSION = YES;
				CLANG_WARN_INFINITE_RECURSION = YES;
				CLANG_WARN_INT_CONVERSION = YES;
				CLANG_WARN_NON_LITERAL_NULL_CONVERSION = YES;
				CLANG_WARN_OBJC_IMPLICIT_RETAIN_SELF = YES;
				CLANG_WARN_OBJC_LITERAL_CONVERSION = YES;
				CLANG_WARN_OBJC_ROOT_CLASS = YES_ERROR;
				CLANG_WARN_QUOTED_INCLUDE_IN_FRAMEWORK_HEADER = YES;
				CLANG_WARN_RANGE_LOOP_ANALYSIS = YES;
				CLANG_WARN_STRICT_PROTOTYPES = YES;
				CLANG_WARN_SUSPICIOUS_MOVE = YES;
				CLANG_WARN_UNGUARDED_AVAILABILITY = YES_AGGRESSIVE;
				CLANG_WARN_UNREACHABLE_CODE = YES;
				CLANG_WARN__DUPLICATE_METHOD_MATCH = YES;
				COPY_PHASE_STRIP = NO;
				DEBUG_INFORMATION_FORMAT = "dwarf-with-dsym";
				ENABLE_NS_ASSERTIONS = NO;
				ENABLE_STRICT_OBJC_MSGSEND = YES;
				ENABLE_USER_SCRIPT_SANDBOXING = YES;
				GCC_C_LANGUAGE_STANDARD = gnu17;
				GCC_NO_COMMON_BLOCKS = YES;
				GCC_WARN_64_TO_32_BIT_CONVERSION = YES;
				GCC_WARN_ABOUT_RETURN_TYPE = YES_ERROR;
				GCC_WARN_UNDECLARED_SELECTOR = YES;
				GCC_WARN_UNINITIALIZED_AUTOS = YES_AGGRESSIVE;
				GCC_WARN_UNUSED_FUNCTION = YES;
				GCC_WARN_UNUSED_VARIABLE = YES;
				IPHONEOS_DEPLOYMENT_TARGET = 18.0;
				LOCALIZATION_PREFERS_STRING_CATALOGS = YES;
				MTL_ENABLE_DEBUG_INFO = NO;
				MTL_FAST_MATH = YES;
				SDKROOT = iphoneos;
				SWIFT_COMPILATION_MODE = wholemodule;
				VALIDATE_PRODUCT = YES;
			};
			name = Release;
		};
		EA55F3592CB2D90900C6B665 /* Debug */ = {
			isa = XCBuildConfiguration;
			buildSettings = {
				ASSETCATALOG_COMPILER_APPICON_NAME = AppIcon;
				ASSETCATALOG_COMPILER_GLOBAL_ACCENT_COLOR_NAME = AccentColor;
				CODE_SIGN_STYLE = Automatic;
				CURRENT_PROJECT_VERSION = 1;
				DEVELOPMENT_ASSET_PATHS = "\"MVVMFetchLearn/Preview Content\"";
				DEVELOPMENT_TEAM = BVPC6QX93W;
				ENABLE_PREVIEWS = YES;
				GENERATE_INFOPLIST_FILE = YES;
				INFOPLIST_KEY_UIApplicationSceneManifest_Generation = YES;
				INFOPLIST_KEY_UIApplicationSupportsIndirectInputEvents = YES;
				INFOPLIST_KEY_UILaunchScreen_Generation = YES;
				INFOPLIST_KEY_UISupportedInterfaceOrientations_iPad = "UIInterfaceOrientationPortrait UIInterfaceOrientationPortraitUpsideDown UIInterfaceOrientationLandscapeLeft UIInterfaceOrientationLandscapeRight";
				INFOPLIST_KEY_UISupportedInterfaceOrientations_iPhone = "UIInterfaceOrientationPortrait UIInterfaceOrientationLandscapeLeft UIInterfaceOrientationLandscapeRight";
				LD_RUNPATH_SEARCH_PATHS = (
					"$(inherited)",
					"@executable_path/Frameworks",
				);
				MARKETING_VERSION = 1.0;
				PRODUCT_BUNDLE_IDENTIFIER = com.rickyprimay.MVVMFetchLearn;
				PRODUCT_NAME = "$(TARGET_NAME)";
				SWIFT_EMIT_LOC_STRINGS = YES;
				SWIFT_VERSION = 5.0;
				TARGETED_DEVICE_FAMILY = "1,2";
			};
			name = Debug;
		};
		EA55F35A2CB2D90900C6B665 /* Release */ = {
			isa = XCBuildConfiguration;
			buildSettings = {
				ASSETCATALOG_COMPILER_APPICON_NAME = AppIcon;
				ASSETCATALOG_COMPILER_GLOBAL_ACCENT_COLOR_NAME = AccentColor;
				CODE_SIGN_STYLE = Automatic;
				CURRENT_PROJECT_VERSION = 1;
				DEVELOPMENT_ASSET_PATHS = "\"MVVMFetchLearn/Preview Content\"";
				DEVELOPMENT_TEAM = BVPC6QX93W;
				ENABLE_PREVIEWS = YES;
				GENERATE_INFOPLIST_FILE = YES;
				INFOPLIST_KEY_UIApplicationSceneManifest_Generation = YES;
				INFOPLIST_KEY_UIApplicationSupportsIndirectInputEvents = YES;
				INFOPLIST_KEY_UILaunchScreen_Generation = YES;
				INFOPLIST_KEY_UISupportedInterfaceOrientations_iPad = "UIInterfaceOrientationPortrait UIInterfaceOrientationPortraitUpsideDown UIInterfaceOrientationLandscapeLeft UIInterfaceOrientationLandscapeRight";
				INFOPLIST_KEY_UISupportedInterfaceOrientations_iPhone = "UIInterfaceOrientationPortrait UIInterfaceOrientationLandscapeLeft UIInterfaceOrientationLandscapeRight";
				LD_RUNPATH_SEARCH_PATHS = (
					"$(inherited)",
					"@executable_path/Frameworks",
				);
				MARKETING_VERSION = 1.0;
				PRODUCT_BUNDLE_IDENTIFIER = com.rickyprimay.MVVMFetchLearn;
				PRODUCT_NAME = "$(TARGET_NAME)";
				SWIFT_EMIT_LOC_STRINGS = YES;
				SWIFT_VERSION = 5.0;
				TARGETED_DEVICE_FAMILY = "1,2";
			};
			name = Release;
		};
		EA55F35C2CB2D90900C6B665 /* Debug */ = {
			isa = XCBuildConfiguration;
			buildSettings = {
				BUNDLE_LOADER = "$(TEST_HOST)";
				CODE_SIGN_STYLE = Automatic;
				CURRENT_PROJECT_VERSION = 1;
				DEVELOPMENT_TEAM = BVPC6QX93W;
				GENERATE_INFOPLIST_FILE = YES;
				IPHONEOS_DEPLOYMENT_TARGET = 18.0;
				MARKETING_VERSION = 1.0;
				PRODUCT_BUNDLE_IDENTIFIER = com.rickyprimay.MVVMFetchLearnTests;
				PRODUCT_NAME = "$(TARGET_NAME)";
				SWIFT_EMIT_LOC_STRINGS = NO;
				SWIFT_VERSION = 5.0;
				TARGETED_DEVICE_FAMILY = "1,2";
				TEST_HOST = "$(BUILT_PRODUCTS_DIR)/MVVMFetchLearn.app/$(BUNDLE_EXECUTABLE_FOLDER_PATH)/MVVMFetchLearn";
			};
			name = Debug;
		};
		EA55F35D2CB2D90900C6B665 /* Release */ = {
			isa = XCBuildConfiguration;
			buildSettings = {
				BUNDLE_LOADER = "$(TEST_HOST)";
				CODE_SIGN_STYLE = Automatic;
				CURRENT_PROJECT_VERSION = 1;
				DEVELOPMENT_TEAM = BVPC6QX93W;
				GENERATE_INFOPLIST_FILE = YES;
				IPHONEOS_DEPLOYMENT_TARGET = 18.0;
				MARKETING_VERSION = 1.0;
				PRODUCT_BUNDLE_IDENTIFIER = com.rickyprimay.MVVMFetchLearnTests;
				PRODUCT_NAME = "$(TARGET_NAME)";
				SWIFT_EMIT_LOC_STRINGS = NO;
				SWIFT_VERSION = 5.0;
				TARGETED_DEVICE_FAMILY = "1,2";
				TEST_HOST = "$(BUILT_PRODUCTS_DIR)/MVVMFetchLearn.app/$(BUNDLE_EXECUTABLE_FOLDER_PATH)/MVVMFetchLearn";
			};
			name = Release;
		};
		EA55F35F2CB2D90900C6B665 /* Debug */ = {
			isa = XCBuildConfiguration;
			buildSettings = {
				CODE_SIGN_STYLE = Automatic;
				CURRENT_PROJECT_VERSION = 1;
				DEVELOPMENT_TEAM = BVPC6QX93W;
				GENERATE_INFOPLIST_FILE = YES;
				MARKETING_VERSION = 1.0;
				PRODUCT_BUNDLE_IDENTIFIER = com.rickyprimay.MVVMFetchLearnUITests;
				PRODUCT_NAME = "$(TARGET_NAME)";
				SWIFT_EMIT_LOC_STRINGS = NO;
				SWIFT_VERSION = 5.0;
				TARGETED_DEVICE_FAMILY = "1,2";
				TEST_TARGET_NAME = MVVMFetchLearn;
			};
			name = Debug;
		};
		EA55F3602CB2D90900C6B665 /* Release */ = {
			isa = XCBuildConfiguration;
			buildSettings = {
				CODE_SIGN_STYLE = Automatic;
				CURRENT_PROJECT_VERSION = 1;
				DEVELOPMENT_TEAM = BVPC6QX93W;
				GENERATE_INFOPLIST_FILE = YES;
				MARKETING_VERSION = 1.0;
				PRODUCT_BUNDLE_IDENTIFIER = com.rickyprimay.MVVMFetchLearnUITests;
				PRODUCT_NAME = "$(TARGET_NAME)";
				SWIFT_EMIT_LOC_STRINGS = NO;
				SWIFT_VERSION = 5.0;
				TARGETED_DEVICE_FAMILY = "1,2";
				TEST_TARGET_NAME = MVVMFetchLearn;
			};
			name = Release;
		};
/* End XCBuildConfiguration section */

/* Begin XCConfigurationList section */
		EA55F32F2CB2D90600C6B665 /* Build configuration list for PBXProject "MVVMFetchLearn" */ = {
			isa = XCConfigurationList;
			buildConfigurations = (
				EA55F3562CB2D90900C6B665 /* Debug */,
				EA55F3572CB2D90900C6B665 /* Release */,
			);
			defaultConfigurationIsVisible = 0;
			defaultConfigurationName = Release;
		};
		EA55F3582CB2D90900C6B665 /* Build configuration list for PBXNativeTarget "MVVMFetchLearn" */ = {
			isa = XCConfigurationList;
			buildConfigurations = (
				EA55F3592CB2D90900C6B665 /* Debug */,
				EA55F35A2CB2D90900C6B665 /* Release */,
			);
			defaultConfigurationIsVisible = 0;
			defaultConfigurationName = Release;
		};
		EA55F35B2CB2D90900C6B665 /* Build configuration list for PBXNativeTarget "MVVMFetchLearnTests" */ = {
			isa = XCConfigurationList;
			buildConfigurations = (
				EA55F35C2CB2D90900C6B665 /* Debug */,
				EA55F35D2CB2D90900C6B665 /* Release */,
			);
			defaultConfigurationIsVisible = 0;
			defaultConfigurationName = Release;
		};
		EA55F35E2CB2D90900C6B665 /* Build configuration list for PBXNativeTarget "MVVMFetchLearnUITests" */ = {
			isa = XCConfigurationList;
			buildConfigurations = (
				EA55F35F2CB2D90900C6B665 /* Debug */,
				EA55F3602CB2D90900C6B665 /* Release */,
			);
			defaultConfigurationIsVisible = 0;
			defaultConfigurationName = Release;
		};
/* End XCConfigurationList section */
	};
	rootObject = EA55F32C2CB2D90600C6B665 /* Project object */;
}
